
Microsoft Visual Studio Solution File, Format Version 12.00
# Visual Studio 15
VisualStudioVersion = 15.0.26730.10
MinimumVisualStudioVersion = 10.0.40219.1
Project("{FAE04EC0-301F-11D3-BF4B-00C04F79EFBC}") = "Tuixiangzi", "Tuixiangzi\Tuixiangzi.csproj", "{7FEA6FD9-A7AC-4B98-BE3F-9D53637ED8E2}"
EndProject
Project("{FAE04EC0-301F-11D3-BF4B-00C04F79EFBC}") = "MGame", "Game\MGame.csproj", "{9DA8EBD1-B5D6-4B10-A0C6-9BB2F3AB8BA6}"
EndProject
Global
	GlobalSection(SolutionConfigurationPlatforms) = preSolution
		Debug|Any CPU = Debug|Any CPU
		Release|Any CPU = Release|Any CPU
	EndGlobalSection
	GlobalSection(ProjectConfigurationPlatforms) = postSolution
		{7FEA6FD9-A7AC-4B98-BE3F-9D53637ED8E2}.Debug|Any CPU.ActiveCfg = Debug|Any CPU
		{7FEA6FD9-A7AC-4B98-BE3F-9D53637ED8E2}.Debug|Any CPU.Build.0 = Debug|Any CPU
		{7FEA6FD9-A7AC-4B98-BE3F-9D53637ED8E2}.Release|Any CPU.ActiveCfg = Release|Any CPU
		{7FEA6FD9-A7AC-4B98-BE3F-9D53637ED8E2}.Release|Any CPU.Build.0 = Release|Any CPU
		{9DA8EBD1-B5D6-4B10-A0C6-9BB2F3AB8BA6}.Debug|Any CPU.ActiveCfg = Debug|Any CPU
		{9DA8EBD1-B5D6-4B10-A0C6-9BB2F3AB8BA6}.Debug|Any CPU.Build.0 = Debug|Any CPU
		{9DA8EBD1-B5D6-4B10-A0C6-9BB2F3AB8BA6}.Release|Any CPU.ActiveCfg = Release|Any CPU
		{9DA8EBD1-B5D6-4B10-A0C6-9BB2F3AB8BA6}.Release|Any CPU.Build.0 = Release|Any CPU
	EndGlobalSection
	GlobalSection(SolutionProperties) = preSolution
		HideSolutionNode = FALSE
	EndGlobalSection
	GlobalSection(ExtensibilityGlobals) = postSolution
		SolutionGuid = {97A0FE69-CCB9-4753-99BF-DFD5C84CFCA5}
	EndGlobalSection
EndGlobal
